# THIS IS AN AUTOGENERATED FILE. DO NOT EDIT THIS FILE DIRECTLY.
# yarn lockfile v1


dns-zonefile@^0.2.2:
  version "0.2.2"
  resolved "https://registry.yarnpkg.com/dns-zonefile/-/dns-zonefile-0.2.2.tgz#3ea210a189a00f7667f770a797428d8e6627267f"

node-csv-parse@^1.2.0:
  version "1.2.0"
  resolved "https://registry.yarnpkg.com/node-csv-parse/-/node-csv-parse-1.2.0.tgz#7caa19b74629e22edb83960b8ac32fe56eefb35a"
